
Microsoft Visual Studio Solution File, Format Version 12.00
# Visual Studio 15
VisualStudioVersion = 15.0.26730.15
MinimumVisualStudioVersion = 10.0.40219.1
Project("{FAE04EC0-301F-11D3-BF4B-00C04F79EFBC}") = "SupSubtitleParser", "SupSubtitleParser.csproj", "{C690E1C6-C373-4E6B-B824-C71BB105C0CF}"
EndProject
Global
	GlobalSection(SolutionConfigurationPlatforms) = preSolution
		Debug|Any CPU = Debug|Any CPU
		Release|Any CPU = Release|Any CPU
	EndGlobalSection
	GlobalSection(ProjectConfigurationPlatforms) = postSolution
		{C690E1C6-C373-4E6B-B824-C71BB105C0CF}.Debug|Any CPU.ActiveCfg = Debug|Any CPU
		{C690E1C6-C373-4E6B-B824-C71BB105C0CF}.Debug|Any CPU.Build.0 = Debug|Any CPU
		{C690E1C6-C373-4E6B-B824-C71BB105C0CF}.Release|Any CPU.ActiveCfg = Release|Any CPU
		{C690E1C6-C373-4E6B-B824-C71BB105C0CF}.Release|Any CPU.Build.0 = Release|Any CPU
	EndGlobalSection
	GlobalSection(SolutionProperties) = preSolution
		HideSolutionNode = FALSE
	EndGlobalSection
	GlobalSection(ExtensibilityGlobals) = postSolution
		SolutionGuid = {DDF992C3-9F3E-4A97-98E7-60D74492EC43}
	EndGlobalSection
EndGlobal
